<?xml version="1.0" encoding="utf-8"?>
<Project ToolsVersion="4.0" xmlns="http://schemas.microsoft.com/developer/msbuild/2003">
  <ItemGroup>
    <Filter Include="Source Files">
      <UniqueIdentifier>{edd860f9-98b6-41c1-8589-9b017f212936}</UniqueIdentifier>
      <Extensions>cpp;c;cxx;rc;def;r;odl;idl;hpj;bat</Extensions>
    </Filter>
    <Filter Include="Header Files">
      <UniqueIdentifier>{8f0924a4-fca1-4704-9e11-0266de3d528b}</UniqueIdentifier>
      <Extensions>h;hpp;hxx;hm;inl</Extensions>
    </Filter>
    <Filter Include="Resource Files">
      <UniqueIdentifier>{582db19e-9825-491f-8d33-c0db2bf61851}</UniqueIdentifier>
      <Extensions>ico;cur;bmp;dlg;rc2;rct;bin;rgs;gif;jpg;jpeg;jpe</Extensions>
    </Filter>
  </ItemGroup>
  <ItemGroup>
    <ClCompile Include="trThread\ActionMgrThread.cpp">
      <Filter>Source Files</Filter>
    </ClCompile>
    <ClCompile Include="trThread\ActionThread.cpp">
      <Filter>Source Files</Filter>
    </ClCompile>
    <ClCompile Include="AMTQueueClient.cpp">
      <Filter>Source Files</Filter>
    </ClCompile>
    <ClCompile Include="ApplicationLogging.cpp">
      <Filter>Source Files</Filter>
    </ClCompile>
    <ClCompile Include="CmdLineDlg.cpp">
      <Filter>Source Files</Filter>
    </ClCompile>
    <ClCompile Include="ConfigureSound.cpp">
      <Filter>Source Files</Filter>
    </ClCompile>
    <ClCompile Include="ConfigureTrapData.cpp">
      <Filter>Source Files</Filter>
    </ClCompile>
    <ClCompile Include="DetailDlg.cpp">
      <Filter>Source Files</Filter>
    </ClCompile>
    <ClCompile Include="DlgResizeHelper.cpp">
      <Filter>Source Files</Filter>
    </ClCompile>
    <ClCompile Include="EmailRecipients.cpp">
      <Filter>Source Files</Filter>
    </ClCompile>
    <ClCompile Include="EnvVarsDlg.cpp">
      <Filter>Source Files</Filter>
    </ClCompile>
    <ClCompile Include="eventlogmessage.cpp">
      <Filter>Source Files</Filter>
    </ClCompile>
    <ClCompile Include="ExecuteAdd.cpp">
      <Filter>Source Files</Filter>
    </ClCompile>
    <ClCompile Include="ExploderDestinations.cpp">
      <Filter>Source Files</Filter>
    </ClCompile>
    <ClCompile Include="LogQueueClient.cpp">
      <Filter>Source Files</Filter>
    </ClCompile>
    <ClCompile Include="MibFileBrowse.cpp">
      <Filter>Source Files</Filter>
    </ClCompile>
    <ClCompile Include="MibImportPropertyPage.cpp">
      <Filter>Source Files</Filter>
    </ClCompile>
    <ClCompile Include="MibLoadStatus.cpp">
      <Filter>Source Files</Filter>
    </ClCompile>
    <ClCompile Include="MibUnloadStatus.cpp">
      <Filter>Source Files</Filter>
    </ClCompile>
    <ClCompile Include="RawTrapData.cpp">
      <Filter>Source Files</Filter>
    </ClCompile>
    <ClCompile Include="Registry.cpp">
      <Filter>Source Files</Filter>
    </ClCompile>
    <ClCompile Include="trThread\Smtp.cpp">
      <Filter>Source Files</Filter>
    </ClCompile>
    <ClCompile Include="SmtpAuthDlg.cpp">
      <Filter>Source Files</Filter>
    </ClCompile>
    <ClCompile Include="StdAfx.cpp">
      <Filter>Source Files</Filter>
    </ClCompile>
    <ClCompile Include="ToolTipListCtrl.cpp">
      <Filter>Source Files</Filter>
    </ClCompile>
    <ClCompile Include="TrActionAdd.cpp">
      <Filter>Source Files</Filter>
    </ClCompile>
    <ClCompile Include="TrActions.cpp">
      <Filter>Source Files</Filter>
    </ClCompile>
    <ClCompile Include="TrAlert.cpp">
      <Filter>Source Files</Filter>
    </ClCompile>
    <ClCompile Include="trThread\TrapMatcher.cpp">
      <Filter>Source Files</Filter>
    </ClCompile>
    <ClCompile Include="TrapRcvr.cpp">
      <Filter>Source Files</Filter>
    </ClCompile>
    <ClCompile Include="TrapRcvrDlg.cpp">
      <Filter>Source Files</Filter>
    </ClCompile>
    <ClCompile Include="TrapRcvrException.cpp">
      <Filter>Source Files</Filter>
    </ClCompile>
    <ClCompile Include="TrAttention.cpp">
      <Filter>Source Files</Filter>
    </ClCompile>
    <ClCompile Include="Traynot.cpp">
      <Filter>Source Files</Filter>
    </ClCompile>
    <ClCompile Include="TrDb.cpp">
      <Filter>Source Files</Filter>
    </ClCompile>
    <ClCompile Include="trThread\trDeDup.cpp">
      <Filter>Source Files</Filter>
    </ClCompile>
    <ClCompile Include="TrEmail.cpp">
      <Filter>Source Files</Filter>
    </ClCompile>
    <ClCompile Include="TrEmailAdd.cpp">
      <Filter>Source Files</Filter>
    </ClCompile>
    <ClCompile Include="TrExploder.cpp">
      <Filter>Source Files</Filter>
    </ClCompile>
    <ClCompile Include="TrExploderAdd.cpp">
      <Filter>Source Files</Filter>
    </ClCompile>
    <ClCompile Include="TrLogging.cpp">
      <Filter>Source Files</Filter>
    </ClCompile>
    <ClCompile Include="TrMisc.cpp">
      <Filter>Source Files</Filter>
    </ClCompile>
    <ClCompile Include="TrMonitor.cpp">
      <Filter>Source Files</Filter>
    </ClCompile>
    <ClCompile Include="V2DetailDlg.cpp">
      <Filter>Source Files</Filter>
    </ClCompile>
    <ClCompile Include="..\git\common\QueueServer.cpp">
      <Filter>Source Files</Filter>
    </ClCompile>
    <ClCompile Include="..\git\common\Base64.cpp">
      <Filter>Source Files</Filter>
    </ClCompile>
  </ItemGroup>
  <ItemGroup>
    <ResourceCompile Include="TrapRcvr.rc">
      <Filter>Source Files</Filter>
    </ResourceCompile>
  </ItemGroup>
  <ItemGroup>
    <ClInclude Include="ApplicationLogging.h">
      <Filter>Header Files</Filter>
    </ClInclude>
    <ClInclude Include="CmdLineDlg.h">
      <Filter>Header Files</Filter>
    </ClInclude>
    <ClInclude Include="ConfigureSound.h">
      <Filter>Header Files</Filter>
    </ClInclude>
    <ClInclude Include="ConfigureTrapData.h">
      <Filter>Header Files</Filter>
    </ClInclude>
    <ClInclude Include="EmailRecipients.h">
      <Filter>Header Files</Filter>
    </ClInclude>
    <ClInclude Include="EnvVarsDlg.h">
      <Filter>Header Files</Filter>
    </ClInclude>
    <ClInclude Include="ExploderDestinations.h">
      <Filter>Header Files</Filter>
    </ClInclude>
    <ClInclude Include="MibFileBrowse.h">
      <Filter>Header Files</Filter>
    </ClInclude>
    <ClInclude Include="MibImportPropertyPage.h">
      <Filter>Header Files</Filter>
    </ClInclude>
    <ClInclude Include="MibLoadStatus.h">
      <Filter>Header Files</Filter>
    </ClInclude>
    <ClInclude Include="MibUnloadStatus.h">
      <Filter>Header Files</Filter>
    </ClInclude>
    <ClInclude Include="RawTrapData.h">
      <Filter>Header Files</Filter>
    </ClInclude>
    <ClInclude Include="Resource.h">
      <Filter>Header Files</Filter>
    </ClInclude>
    <ClInclude Include="SmtpAuthDlg.h">
      <Filter>Header Files</Filter>
    </ClInclude>
    <ClInclude Include="StdAfx.h">
      <Filter>Header Files</Filter>
    </ClInclude>
    <ClInclude Include="TrActions.h">
      <Filter>Header Files</Filter>
    </ClInclude>
    <ClInclude Include="TrapRcvr.h">
      <Filter>Header Files</Filter>
    </ClInclude>
    <ClInclude Include="TrapRcvrDlg.h">
      <Filter>Header Files</Filter>
    </ClInclude>
    <ClInclude Include="TrAttention.h">
      <Filter>Header Files</Filter>
    </ClInclude>
    <ClInclude Include="TrLogging.h">
      <Filter>Header Files</Filter>
    </ClInclude>
    <ClInclude Include="V2DetailDlg.h">
      <Filter>Header Files</Filter>
    </ClInclude>
  </ItemGroup>
  <ItemGroup>
    <Image Include="res\TrapRcvr.ico">
      <Filter>Resource Files</Filter>
    </Image>
  </ItemGroup>
  <ItemGroup>
    <None Include="res\TrapRcvr.rc2">
      <Filter>Resource Files</Filter>
    </None>
  </ItemGroup>
</Project>